
Microsoft Visual Studio Solution File, Format Version 12.00
# Visual Studio 15
VisualStudioVersion = 15.0.28307.779
MinimumVisualStudioVersion = 10.0.40219.1
Project("{9A19103F-16F7-4668-BE54-9A1E7A4F7556}") = "WebApiSample.Api", "src\Api\WebApiSample.Api.csproj", "{DAB96256-A75A-4D99-B71A-8E4E5949DA30}"
EndProject
Global
	GlobalSection(SolutionConfigurationPlatforms) = preSolution
		Debug|Any CPU = Debug|Any CPU
		Release|Any CPU = Release|Any CPU
	EndGlobalSection
	GlobalSection(ProjectConfigurationPlatforms) = postSolution
		{DAB96256-A75A-4D99-B71A-8E4E5949DA30}.Debug|Any CPU.ActiveCfg = Debug|Any CPU
		{DAB96256-A75A-4D99-B71A-8E4E5949DA30}.Debug|Any CPU.Build.0 = Debug|Any CPU
		{DAB96256-A75A-4D99-B71A-8E4E5949DA30}.Release|Any CPU.ActiveCfg = Release|Any CPU
		{DAB96256-A75A-4D99-B71A-8E4E5949DA30}.Release|Any CPU.Build.0 = Release|Any CPU
	EndGlobalSection
	GlobalSection(SolutionProperties) = preSolution
		HideSolutionNode = FALSE
	EndGlobalSection
	GlobalSection(ExtensibilityGlobals) = postSolution
		SolutionGuid = {5D32D329-055A-4BC8-A100-7A7789700A88}
	EndGlobalSection
EndGlobal
